
Microsoft Visual Studio Solution File, Format Version 12.00
# Visual Studio Version 16
VisualStudioVersion = 16.0.29911.84
MinimumVisualStudioVersion = 10.0.40219.1
Project("{8BC9CEB8-8B4A-11D0-8D11-00A0C91BC942}") = "server", "server\server.vcxproj", "{830DD6A2-B95B-4205-A61C-BDC4FEC87487}"
EndProject
Project("{8BC9CEB8-8B4A-11D0-8D11-00A0C91BC942}") = "libinjector", "libinjector\libinjector.vcxproj", "{5B231297-6818-4AD5-A6D7-B14BEE33AC40}"
EndProject
Project("{8BC9CEB8-8B4A-11D0-8D11-00A0C91BC942}") = "windowQT", "windowQT\windowQT.vcxproj", "{84BE4C40-6936-4C6B-8BBC-8000A182B45A}"
EndProject
Project("{8BC9CEB8-8B4A-11D0-8D11-00A0C91BC942}") = "libclient", "libclient\libclient.vcxproj", "{62C3F70F-F814-426D-96D1-F3C6751B750D}"
EndProject
Project("{8BC9CEB8-8B4A-11D0-8D11-00A0C91BC942}") = "MessageManager", "MessageManager\MessageManager.vcxproj", "{9B69C2F2-F080-4375-8F30-C6D5176ACC1C}"
EndProject
Project("{8BC9CEB8-8B4A-11D0-8D11-00A0C91BC942}") = "dll_plugin_ben", "dll_plugin_ben\dll_plugin_ben.vcxproj", "{17DA1F63-1330-4027-8643-274009BCED4A}"
	ProjectSection(ProjectDependencies) = postProject
		{62C3F70F-F814-426D-96D1-F3C6751B750D} = {62C3F70F-F814-426D-96D1-F3C6751B750D}
		{69968E6B-F6A4-402E-A29C-577D028D127B} = {69968E6B-F6A4-402E-A29C-577D028D127B}
		{1EA4C4A6-565C-4E3C-B05F-4F536AFDDAE0} = {1EA4C4A6-565C-4E3C-B05F-4F536AFDDAE0}
		{9B69C2F2-F080-4375-8F30-C6D5176ACC1C} = {9B69C2F2-F080-4375-8F30-C6D5176ACC1C}
	EndProjectSection
EndProject
Project("{8BC9CEB8-8B4A-11D0-8D11-00A0C91BC942}") = "libinjected-wow", "libinjected-wow\libinjected-wow.vcxproj", "{69968E6B-F6A4-402E-A29C-577D028D127B}"
	ProjectSection(ProjectDependencies) = postProject
		{62C3F70F-F814-426D-96D1-F3C6751B750D} = {62C3F70F-F814-426D-96D1-F3C6751B750D}
		{1EA4C4A6-565C-4E3C-B05F-4F536AFDDAE0} = {1EA4C4A6-565C-4E3C-B05F-4F536AFDDAE0}
		{BF58A4B2-385A-49BB-8296-B425DADEFA94} = {BF58A4B2-385A-49BB-8296-B425DADEFA94}
		{C2AC97CD-3AC6-4B83-BF88-E92908552C31} = {C2AC97CD-3AC6-4B83-BF88-E92908552C31}
		{9B69C2F2-F080-4375-8F30-C6D5176ACC1C} = {9B69C2F2-F080-4375-8F30-C6D5176ACC1C}
	EndProjectSection
EndProject
Project("{8BC9CEB8-8B4A-11D0-8D11-00A0C91BC942}") = "libinjected", "libinjected\libinjected.vcxproj", "{BF58A4B2-385A-49BB-8296-B425DADEFA94}"
EndProject
Project("{8BC9CEB8-8B4A-11D0-8D11-00A0C91BC942}") = "libdllcore", "libdllcore\libdllcore.vcxproj", "{63F9A274-C0B8-4D7C-A1DB-C2E0B333374B}"
	ProjectSection(ProjectDependencies) = postProject
		{62C3F70F-F814-426D-96D1-F3C6751B750D} = {62C3F70F-F814-426D-96D1-F3C6751B750D}
		{1EA4C4A6-565C-4E3C-B05F-4F536AFDDAE0} = {1EA4C4A6-565C-4E3C-B05F-4F536AFDDAE0}
		{C2AC97CD-3AC6-4B83-BF88-E92908552C31} = {C2AC97CD-3AC6-4B83-BF88-E92908552C31}
		{9B69C2F2-F080-4375-8F30-C6D5176ACC1C} = {9B69C2F2-F080-4375-8F30-C6D5176ACC1C}
	EndProjectSection
EndProject
Project("{8BC9CEB8-8B4A-11D0-8D11-00A0C91BC942}") = "libfilelogger", "libfilelogger\libfilelogger.vcxproj", "{1EA4C4A6-565C-4E3C-B05F-4F536AFDDAE0}"
EndProject
Project("{8BC9CEB8-8B4A-11D0-8D11-00A0C91BC942}") = "libinjector-d3d", "libd3dutils\libd3dutils.vcxproj", "{C2AC97CD-3AC6-4B83-BF88-E92908552C31}"
EndProject
Project("{8BC9CEB8-8B4A-11D0-8D11-00A0C91BC942}") = "dll_core", "dll_core\dll_core.vcxproj", "{A03CC374-742B-430E-9B25-9BB8F08CAEE8}"
EndProject
Project("{8BC9CEB8-8B4A-11D0-8D11-00A0C91BC942}") = "dll_plugin_max", "dll_plugin_max\dll_plugin_max.vcxproj", "{1ED5FDE9-5B01-4CC1-899F-2F23133D98FF}"
EndProject
Project("{8BC9CEB8-8B4A-11D0-8D11-00A0C91BC942}") = "libinjected-wow-ben", "libinjected-wow-ben\libinjected-wow-ben.vcxproj", "{33E536DC-2F5B-4272-9579-AAA65EDC4F02}"
EndProject
Project("{8BC9CEB8-8B4A-11D0-8D11-00A0C91BC942}") = "libinjected-wow-max", "libinjected-wow-max\libinjected-wow-max.vcxproj", "{975C3BBC-C28A-436B-8734-2E848A1F16F0}"
EndProject
Global
	GlobalSection(SolutionConfigurationPlatforms) = preSolution
		Debug|x64 = Debug|x64
		Debug|x86 = Debug|x86
		Release|x64 = Release|x64
		Release|x86 = Release|x86
	EndGlobalSection
	GlobalSection(ProjectConfigurationPlatforms) = postSolution
		{830DD6A2-B95B-4205-A61C-BDC4FEC87487}.Debug|x64.ActiveCfg = Debug|x64
		{830DD6A2-B95B-4205-A61C-BDC4FEC87487}.Debug|x64.Build.0 = Debug|x64
		{830DD6A2-B95B-4205-A61C-BDC4FEC87487}.Debug|x86.ActiveCfg = Debug|x64
		{830DD6A2-B95B-4205-A61C-BDC4FEC87487}.Debug|x86.Build.0 = Debug|x64
		{830DD6A2-B95B-4205-A61C-BDC4FEC87487}.Release|x64.ActiveCfg = Release|x64
		{830DD6A2-B95B-4205-A61C-BDC4FEC87487}.Release|x64.Build.0 = Release|x64
		{830DD6A2-B95B-4205-A61C-BDC4FEC87487}.Release|x86.ActiveCfg = Release|Win32
		{830DD6A2-B95B-4205-A61C-BDC4FEC87487}.Release|x86.Build.0 = Release|Win32
		{5B231297-6818-4AD5-A6D7-B14BEE33AC40}.Debug|x64.ActiveCfg = Debug|x64
		{5B231297-6818-4AD5-A6D7-B14BEE33AC40}.Debug|x64.Build.0 = Debug|x64
		{5B231297-6818-4AD5-A6D7-B14BEE33AC40}.Debug|x86.ActiveCfg = Debug|Win32
		{5B231297-6818-4AD5-A6D7-B14BEE33AC40}.Debug|x86.Build.0 = Debug|Win32
		{5B231297-6818-4AD5-A6D7-B14BEE33AC40}.Release|x64.ActiveCfg = Release|x64
		{5B231297-6818-4AD5-A6D7-B14BEE33AC40}.Release|x64.Build.0 = Release|x64
		{5B231297-6818-4AD5-A6D7-B14BEE33AC40}.Release|x86.ActiveCfg = Release|Win32
		{5B231297-6818-4AD5-A6D7-B14BEE33AC40}.Release|x86.Build.0 = Release|Win32
		{84BE4C40-6936-4C6B-8BBC-8000A182B45A}.Debug|x64.ActiveCfg = Debug|x64
		{84BE4C40-6936-4C6B-8BBC-8000A182B45A}.Debug|x64.Build.0 = Debug|x64
		{84BE4C40-6936-4C6B-8BBC-8000A182B45A}.Debug|x86.ActiveCfg = Debug|x64
		{84BE4C40-6936-4C6B-8BBC-8000A182B45A}.Release|x64.ActiveCfg = Release|x64
		{84BE4C40-6936-4C6B-8BBC-8000A182B45A}.Release|x64.Build.0 = Release|x64
		{84BE4C40-6936-4C6B-8BBC-8000A182B45A}.Release|x86.ActiveCfg = Release|x64
		{62C3F70F-F814-426D-96D1-F3C6751B750D}.Debug|x64.ActiveCfg = Debug|x64
		{62C3F70F-F814-426D-96D1-F3C6751B750D}.Debug|x64.Build.0 = Debug|x64
		{62C3F70F-F814-426D-96D1-F3C6751B750D}.Debug|x86.ActiveCfg = Debug|Win32
		{62C3F70F-F814-426D-96D1-F3C6751B750D}.Debug|x86.Build.0 = Debug|Win32
		{62C3F70F-F814-426D-96D1-F3C6751B750D}.Release|x64.ActiveCfg = Release|x64
		{62C3F70F-F814-426D-96D1-F3C6751B750D}.Release|x64.Build.0 = Release|x64
		{62C3F70F-F814-426D-96D1-F3C6751B750D}.Release|x86.ActiveCfg = Release|Win32
		{62C3F70F-F814-426D-96D1-F3C6751B750D}.Release|x86.Build.0 = Release|Win32
		{9B69C2F2-F080-4375-8F30-C6D5176ACC1C}.Debug|x64.ActiveCfg = Debug|x64
		{9B69C2F2-F080-4375-8F30-C6D5176ACC1C}.Debug|x64.Build.0 = Debug|x64
		{9B69C2F2-F080-4375-8F30-C6D5176ACC1C}.Debug|x86.ActiveCfg = Debug|Win32
		{9B69C2F2-F080-4375-8F30-C6D5176ACC1C}.Debug|x86.Build.0 = Debug|Win32
		{9B69C2F2-F080-4375-8F30-C6D5176ACC1C}.Release|x64.ActiveCfg = Release|x64
		{9B69C2F2-F080-4375-8F30-C6D5176ACC1C}.Release|x64.Build.0 = Release|x64
		{9B69C2F2-F080-4375-8F30-C6D5176ACC1C}.Release|x86.ActiveCfg = Release|Win32
		{9B69C2F2-F080-4375-8F30-C6D5176ACC1C}.Release|x86.Build.0 = Release|Win32
		{17DA1F63-1330-4027-8643-274009BCED4A}.Debug|x64.ActiveCfg = Debug|x64
		{17DA1F63-1330-4027-8643-274009BCED4A}.Debug|x64.Build.0 = Debug|x64
		{17DA1F63-1330-4027-8643-274009BCED4A}.Debug|x86.ActiveCfg = Debug|Win32
		{17DA1F63-1330-4027-8643-274009BCED4A}.Debug|x86.Build.0 = Debug|Win32
		{17DA1F63-1330-4027-8643-274009BCED4A}.Release|x64.ActiveCfg = Release|x64
		{17DA1F63-1330-4027-8643-274009BCED4A}.Release|x64.Build.0 = Release|x64
		{17DA1F63-1330-4027-8643-274009BCED4A}.Release|x86.ActiveCfg = Release|Win32
		{17DA1F63-1330-4027-8643-274009BCED4A}.Release|x86.Build.0 = Release|Win32
		{69968E6B-F6A4-402E-A29C-577D028D127B}.Debug|x64.ActiveCfg = Debug|x64
		{69968E6B-F6A4-402E-A29C-577D028D127B}.Debug|x64.Build.0 = Debug|x64
		{69968E6B-F6A4-402E-A29C-577D028D127B}.Debug|x86.ActiveCfg = Debug|Win32
		{69968E6B-F6A4-402E-A29C-577D028D127B}.Debug|x86.Build.0 = Debug|Win32
		{69968E6B-F6A4-402E-A29C-577D028D127B}.Release|x64.ActiveCfg = Release|x64
		{69968E6B-F6A4-402E-A29C-577D028D127B}.Release|x64.Build.0 = Release|x64
		{69968E6B-F6A4-402E-A29C-577D028D127B}.Release|x86.ActiveCfg = Release|Win32
		{69968E6B-F6A4-402E-A29C-577D028D127B}.Release|x86.Build.0 = Release|Win32
		{BF58A4B2-385A-49BB-8296-B425DADEFA94}.Debug|x64.ActiveCfg = Debug|x64
		{BF58A4B2-385A-49BB-8296-B425DADEFA94}.Debug|x64.Build.0 = Debug|x64
		{BF58A4B2-385A-49BB-8296-B425DADEFA94}.Debug|x86.ActiveCfg = Debug|Win32
		{BF58A4B2-385A-49BB-8296-B425DADEFA94}.Debug|x86.Build.0 = Debug|Win32
		{BF58A4B2-385A-49BB-8296-B425DADEFA94}.Release|x64.ActiveCfg = Release|x64
		{BF58A4B2-385A-49BB-8296-B425DADEFA94}.Release|x64.Build.0 = Release|x64
		{BF58A4B2-385A-49BB-8296-B425DADEFA94}.Release|x86.ActiveCfg = Release|Win32
		{BF58A4B2-385A-49BB-8296-B425DADEFA94}.Release|x86.Build.0 = Release|Win32
		{63F9A274-C0B8-4D7C-A1DB-C2E0B333374B}.Debug|x64.ActiveCfg = Debug|x64
		{63F9A274-C0B8-4D7C-A1DB-C2E0B333374B}.Debug|x64.Build.0 = Debug|x64
		{63F9A274-C0B8-4D7C-A1DB-C2E0B333374B}.Debug|x86.ActiveCfg = Debug|Win32
		{63F9A274-C0B8-4D7C-A1DB-C2E0B333374B}.Debug|x86.Build.0 = Debug|Win32
		{63F9A274-C0B8-4D7C-A1DB-C2E0B333374B}.Release|x64.ActiveCfg = Release|x64
		{63F9A274-C0B8-4D7C-A1DB-C2E0B333374B}.Release|x64.Build.0 = Release|x64
		{63F9A274-C0B8-4D7C-A1DB-C2E0B333374B}.Release|x86.ActiveCfg = Release|Win32
		{63F9A274-C0B8-4D7C-A1DB-C2E0B333374B}.Release|x86.Build.0 = Release|Win32
		{1EA4C4A6-565C-4E3C-B05F-4F536AFDDAE0}.Debug|x64.ActiveCfg = Debug|x64
		{1EA4C4A6-565C-4E3C-B05F-4F536AFDDAE0}.Debug|x64.Build.0 = Debug|x64
		{1EA4C4A6-565C-4E3C-B05F-4F536AFDDAE0}.Debug|x86.ActiveCfg = Debug|Win32
		{1EA4C4A6-565C-4E3C-B05F-4F536AFDDAE0}.Debug|x86.Build.0 = Debug|Win32
		{1EA4C4A6-565C-4E3C-B05F-4F536AFDDAE0}.Release|x64.ActiveCfg = Release|x64
		{1EA4C4A6-565C-4E3C-B05F-4F536AFDDAE0}.Release|x64.Build.0 = Release|x64
		{1EA4C4A6-565C-4E3C-B05F-4F536AFDDAE0}.Release|x86.ActiveCfg = Release|Win32
		{1EA4C4A6-565C-4E3C-B05F-4F536AFDDAE0}.Release|x86.Build.0 = Release|Win32
		{C2AC97CD-3AC6-4B83-BF88-E92908552C31}.Debug|x64.ActiveCfg = Debug|x64
		{C2AC97CD-3AC6-4B83-BF88-E92908552C31}.Debug|x64.Build.0 = Debug|x64
		{C2AC97CD-3AC6-4B83-BF88-E92908552C31}.Debug|x86.ActiveCfg = Debug|Win32
		{C2AC97CD-3AC6-4B83-BF88-E92908552C31}.Debug|x86.Build.0 = Debug|Win32
		{C2AC97CD-3AC6-4B83-BF88-E92908552C31}.Release|x64.ActiveCfg = Release|x64
		{C2AC97CD-3AC6-4B83-BF88-E92908552C31}.Release|x64.Build.0 = Release|x64
		{C2AC97CD-3AC6-4B83-BF88-E92908552C31}.Release|x86.ActiveCfg = Release|Win32
		{C2AC97CD-3AC6-4B83-BF88-E92908552C31}.Release|x86.Build.0 = Release|Win32
		{A03CC374-742B-430E-9B25-9BB8F08CAEE8}.Debug|x64.ActiveCfg = Debug|x64
		{A03CC374-742B-430E-9B25-9BB8F08CAEE8}.Debug|x64.Build.0 = Debug|x64
		{A03CC374-742B-430E-9B25-9BB8F08CAEE8}.Debug|x86.ActiveCfg = Debug|Win32
		{A03CC374-742B-430E-9B25-9BB8F08CAEE8}.Debug|x86.Build.0 = Debug|Win32
		{A03CC374-742B-430E-9B25-9BB8F08CAEE8}.Release|x64.ActiveCfg = Release|x64
		{A03CC374-742B-430E-9B25-9BB8F08CAEE8}.Release|x64.Build.0 = Release|x64
		{A03CC374-742B-430E-9B25-9BB8F08CAEE8}.Release|x86.ActiveCfg = Release|Win32
		{A03CC374-742B-430E-9B25-9BB8F08CAEE8}.Release|x86.Build.0 = Release|Win32
		{1ED5FDE9-5B01-4CC1-899F-2F23133D98FF}.Debug|x64.ActiveCfg = Debug|x64
		{1ED5FDE9-5B01-4CC1-899F-2F23133D98FF}.Debug|x64.Build.0 = Debug|x64
		{1ED5FDE9-5B01-4CC1-899F-2F23133D98FF}.Debug|x86.ActiveCfg = Debug|Win32
		{1ED5FDE9-5B01-4CC1-899F-2F23133D98FF}.Debug|x86.Build.0 = Debug|Win32
		{1ED5FDE9-5B01-4CC1-899F-2F23133D98FF}.Release|x64.ActiveCfg = Release|x64
		{1ED5FDE9-5B01-4CC1-899F-2F23133D98FF}.Release|x64.Build.0 = Release|x64
		{1ED5FDE9-5B01-4CC1-899F-2F23133D98FF}.Release|x86.ActiveCfg = Release|Win32
		{1ED5FDE9-5B01-4CC1-899F-2F23133D98FF}.Release|x86.Build.0 = Release|Win32
		{33E536DC-2F5B-4272-9579-AAA65EDC4F02}.Debug|x64.ActiveCfg = Debug|x64
		{33E536DC-2F5B-4272-9579-AAA65EDC4F02}.Debug|x64.Build.0 = Debug|x64
		{33E536DC-2F5B-4272-9579-AAA65EDC4F02}.Debug|x86.ActiveCfg = Debug|Win32
		{33E536DC-2F5B-4272-9579-AAA65EDC4F02}.Debug|x86.Build.0 = Debug|Win32
		{33E536DC-2F5B-4272-9579-AAA65EDC4F02}.Release|x64.ActiveCfg = Release|x64
		{33E536DC-2F5B-4272-9579-AAA65EDC4F02}.Release|x64.Build.0 = Release|x64
		{33E536DC-2F5B-4272-9579-AAA65EDC4F02}.Release|x86.ActiveCfg = Release|Win32
		{33E536DC-2F5B-4272-9579-AAA65EDC4F02}.Release|x86.Build.0 = Release|Win32
		{975C3BBC-C28A-436B-8734-2E848A1F16F0}.Debug|x64.ActiveCfg = Debug|x64
		{975C3BBC-C28A-436B-8734-2E848A1F16F0}.Debug|x64.Build.0 = Debug|x64
		{975C3BBC-C28A-436B-8734-2E848A1F16F0}.Debug|x86.ActiveCfg = Debug|Win32
		{975C3BBC-C28A-436B-8734-2E848A1F16F0}.Debug|x86.Build.0 = Debug|Win32
		{975C3BBC-C28A-436B-8734-2E848A1F16F0}.Release|x64.ActiveCfg = Release|x64
		{975C3BBC-C28A-436B-8734-2E848A1F16F0}.Release|x64.Build.0 = Release|x64
		{975C3BBC-C28A-436B-8734-2E848A1F16F0}.Release|x86.ActiveCfg = Release|Win32
		{975C3BBC-C28A-436B-8734-2E848A1F16F0}.Release|x86.Build.0 = Release|Win32
	EndGlobalSection
	GlobalSection(SolutionProperties) = preSolution
		HideSolutionNode = FALSE
	EndGlobalSection
	GlobalSection(ExtensibilityGlobals) = postSolution
		SolutionGuid = {249F4931-AB02-4C1B-9975-19B8A47D70E5}
	EndGlobalSection
EndGlobal
