<?xml version="1.0" encoding="utf-8"?>
<Project ToolsVersion="4.0" xmlns="http://schemas.microsoft.com/developer/msbuild/2003">
  <ItemGroup>
    <Filter Include="Source Files">
      <UniqueIdentifier>{4FC737F1-C7A5-4376-A066-2A32D752A2FF}</UniqueIdentifier>
      <Extensions>cpp;c;cc;cxx;c++;def;odl;idl;hpj;bat;asm;asmx</Extensions>
    </Filter>
    <Filter Include="Header Files">
      <UniqueIdentifier>{93995380-89BD-4b04-88EB-625FBE52EBFB}</UniqueIdentifier>
      <Extensions>h;hh;hpp;hxx;h++;hm;inl;inc;ipp;xsd</Extensions>
    </Filter>
    <Filter Include="Resource Files">
      <UniqueIdentifier>{67DA6AB6-F800-4c08-8B7A-83BB121AAD01}</UniqueIdentifier>
      <Extensions>rc;ico;cur;bmp;dlg;rc2;rct;bin;rgs;gif;jpg;jpeg;jpe;resx;tiff;tif;png;wav;mfcribbon-ms</Extensions>
    </Filter>
  </ItemGroup>
  <ItemGroup>
    <ClInclude Include="memutils\Hexdump.h">
      <Filter>Header Files</Filter>
    </ClInclude>
    <ClInclude Include="memutils\Hexsearch.h">
      <Filter>Header Files</Filter>
    </ClInclude>
    <ClInclude Include="d3d\d3d.h">
      <Filter>Header Files</Filter>
    </ClInclude>
    <ClInclude Include="d3d\D3D_VMT_Indices.h">
      <Filter>Header Files</Filter>
    </ClInclude>
    <ClInclude Include="d3d\shadez.h">
      <Filter>Header Files</Filter>
    </ClInclude>
    <ClInclude Include="pch.h">
      <Filter>Header Files</Filter>
    </ClInclude>
    <ClInclude Include="framework.h">
      <Filter>Header Files</Filter>
    </ClInclude>
    <ClInclude Include="NetworkParsing.h">
      <Filter>Header Files</Filter>
    </ClInclude>
    <ClInclude Include="injected\InjectedClient.h">
      <Filter>Header Files</Filter>
    </ClInclude>
    <ClInclude Include="logger\FileLogger.h">
      <Filter>Header Files</Filter>
    </ClInclude>
    <ClInclude Include="logger\ILogger.h">
      <Filter>Header Files</Filter>
    </ClInclude>
    <ClInclude Include="userspace\ben\ABenBot.h">
      <Filter>Header Files</Filter>
    </ClInclude>
    <ClInclude Include="userspace\ben\BenTravelBot.h">
      <Filter>Header Files</Filter>
    </ClInclude>
    <ClInclude Include="userspace\max\MaxBot.h">
      <Filter>Header Files</Filter>
    </ClInclude>
    <ClInclude Include="injected\plugin\IPlugin.h">
      <Filter>Header Files</Filter>
    </ClInclude>
    <ClInclude Include="injectable\wow\game\dump\WowGameDescriptors.h">
      <Filter>Header Files</Filter>
    </ClInclude>
    <ClInclude Include="injectable\wow\game\dump\WowGameOffsets.h">
      <Filter>Header Files</Filter>
    </ClInclude>
    <ClInclude Include="injectable\wow\game\object\WowActivePlayerObject.h">
      <Filter>Header Files</Filter>
    </ClInclude>
    <ClInclude Include="injectable\wow\game\object\WowContainerObject.h">
      <Filter>Header Files</Filter>
    </ClInclude>
    <ClInclude Include="injectable\wow\game\object\WowCorpseObject.h">
      <Filter>Header Files</Filter>
    </ClInclude>
    <ClInclude Include="injectable\wow\game\object\WowGuid128.h">
      <Filter>Header Files</Filter>
    </ClInclude>
    <ClInclude Include="injectable\wow\game\object\WowItemObject.h">
      <Filter>Header Files</Filter>
    </ClInclude>
    <ClInclude Include="injectable\wow\game\object\WowLootObject.h">
      <Filter>Header Files</Filter>
    </ClInclude>
    <ClInclude Include="injectable\wow\game\object\WowObject.h">
      <Filter>Header Files</Filter>
    </ClInclude>
    <ClInclude Include="injectable\wow\game\object\WowPlayerObject.h">
      <Filter>Header Files</Filter>
    </ClInclude>
    <ClInclude Include="injectable\wow\game\object\WowUnimplementedObject.h">
      <Filter>Header Files</Filter>
    </ClInclude>
    <ClInclude Include="injectable\wow\game\object\WowUnitObject.h">
      <Filter>Header Files</Filter>
    </ClInclude>
    <ClInclude Include="injectable\wow\game\ObjectManager.h">
      <Filter>Header Files</Filter>
    </ClInclude>
    <ClInclude Include="injectable\wow\game\WowGame.h">
      <Filter>Header Files</Filter>
    </ClInclude>
    <ClInclude Include="injectable\wow\game\WowVector3f.h">
      <Filter>Header Files</Filter>
    </ClInclude>
    <ClInclude Include="injectable\wow\observer\ActivePlayerPositionObserver.h">
      <Filter>Header Files</Filter>
    </ClInclude>
    <ClInclude Include="injectable\wow\observer\AWowGameObserver.h">
      <Filter>Header Files</Filter>
    </ClInclude>
    <ClInclude Include="injectable\wow\pathfinder\APathFinder.h">
      <Filter>Header Files</Filter>
    </ClInclude>
    <ClInclude Include="injectable\wow\pathfinder\IPathFinder.h">
      <Filter>Header Files</Filter>
    </ClInclude>
    <ClInclude Include="injectable\wow\pathfinder\LinearPathFinder.h">
      <Filter>Header Files</Filter>
    </ClInclude>
    <ClInclude Include="injectable\wow\pathfinder\Vector3f.h">
      <Filter>Header Files</Filter>
    </ClInclude>
    <ClInclude Include="injectable\wow\IWowBot.h">
      <Filter>Header Files</Filter>
    </ClInclude>
    <ClInclude Include="injectable\AGame.h">
      <Filter>Header Files</Filter>
    </ClInclude>
    <ClInclude Include="injectable\windowcontroller\IWindowController.h">
      <Filter>Header Files</Filter>
    </ClInclude>
    <ClInclude Include="injectable\windowcontroller\PostMessageWindowController.h">
      <Filter>Header Files</Filter>
    </ClInclude>
    <ClInclude Include="injectable\windowcontroller\WinVirtualKey.h">
      <Filter>Header Files</Filter>
    </ClInclude>
    <ClInclude Include="injectable\wow\game\SpellBook.h">
      <Filter>Header Files</Filter>
    </ClInclude>
    <ClInclude Include="injectable\wow\WowPlugin.h">
      <Filter>Header Files</Filter>
    </ClInclude>
    <ClInclude Include="userspace\bot\BaseWowBot.h">
      <Filter>Header Files</Filter>
    </ClInclude>
    <ClInclude Include="userspace\ben\ABenSMBot.h">
      <Filter>Header Files</Filter>
    </ClInclude>
    <ClInclude Include="userspace\ben\BenBots.h">
      <Filter>Header Files</Filter>
    </ClInclude>
    <ClInclude Include="injectable\wow\game\spell\IFireball.h">
      <Filter>Header Files</Filter>
    </ClInclude>
    <ClInclude Include="injectable\wow\game\spell\ISpell.h">
      <Filter>Header Files</Filter>
    </ClInclude>
    <ClInclude Include="injectable\wow\game\Lua.h">
      <Filter>Header Files</Filter>
    </ClInclude>
    <ClInclude Include="userspace\ben\BenSimpleBot.h">
      <Filter>Header Files</Filter>
    </ClInclude>
    <ClInclude Include="injectable\wow\game\dump\WowPatterns.h">
      <Filter>Header Files</Filter>
    </ClInclude>
    <ClInclude Include="injected\plugin\IDllPlugin.h">
      <Filter>Header Files</Filter>
    </ClInclude>
    <ClInclude Include="injected\plugin\DllPlugin.h">
      <Filter>Header Files</Filter>
    </ClInclude>
    <ClInclude Include="injected\plugin\DllFolderPlugin.h">
      <Filter>Header Files</Filter>
    </ClInclude>
    <ClInclude Include="injectable\MemoryObject.h">
      <Filter>Header Files</Filter>
    </ClInclude>
    <ClInclude Include="injected\deprecated\ARecurrentServerObserver.h">
      <Filter>Header Files</Filter>
    </ClInclude>
    <ClInclude Include="injected\deprecated\IServerObserver.h">
      <Filter>Header Files</Filter>
    </ClInclude>
    <ClInclude Include="injectable\wow\ServerWowMessage.h">
      <Filter>Header Files</Filter>
    </ClInclude>
  </ItemGroup>
  <ItemGroup>
    <ClCompile Include="dllmain.cpp">
      <Filter>Source Files</Filter>
    </ClCompile>
    <ClCompile Include="pch.cpp">
      <Filter>Source Files</Filter>
    </ClCompile>
    <ClCompile Include="d3d\d3d.cpp">
      <Filter>Source Files</Filter>
    </ClCompile>
    <ClCompile Include="NetworkParsing.cpp">
      <Filter>Source Files</Filter>
    </ClCompile>
    <ClCompile Include="injected\InjectedClient.cpp">
      <Filter>Source Files</Filter>
    </ClCompile>
    <ClCompile Include="logger\FileLogger.cpp">
      <Filter>Source Files</Filter>
    </ClCompile>
    <ClCompile Include="userspace\ben\ABenBot.cpp">
      <Filter>Source Files</Filter>
    </ClCompile>
    <ClCompile Include="userspace\ben\BenTravelBot.cpp">
      <Filter>Source Files</Filter>
    </ClCompile>
    <ClCompile Include="userspace\max\MaxBot.cpp">
      <Filter>Source Files</Filter>
    </ClCompile>
    <ClCompile Include="injectable\wow\game\object\WowActivePlayerObject.cpp">
      <Filter>Source Files</Filter>
    </ClCompile>
    <ClCompile Include="injectable\wow\game\object\WowContainerObject.cpp">
      <Filter>Source Files</Filter>
    </ClCompile>
    <ClCompile Include="injectable\wow\game\object\WowCorpseObject.cpp">
      <Filter>Source Files</Filter>
    </ClCompile>
    <ClCompile Include="injectable\wow\game\object\WowGuid128.cpp">
      <Filter>Source Files</Filter>
    </ClCompile>
    <ClCompile Include="injectable\wow\game\object\WowItemObject.cpp">
      <Filter>Source Files</Filter>
    </ClCompile>
    <ClCompile Include="injectable\wow\game\object\WowLootObject.cpp">
      <Filter>Source Files</Filter>
    </ClCompile>
    <ClCompile Include="injectable\wow\game\object\WowObject.cpp">
      <Filter>Source Files</Filter>
    </ClCompile>
    <ClCompile Include="injectable\wow\game\object\WowPlayerObject.cpp">
      <Filter>Source Files</Filter>
    </ClCompile>
    <ClCompile Include="injectable\wow\game\object\WowUnimplementedObject.cpp">
      <Filter>Source Files</Filter>
    </ClCompile>
    <ClCompile Include="injectable\wow\game\object\WowUnitObject.cpp">
      <Filter>Source Files</Filter>
    </ClCompile>
    <ClCompile Include="injectable\wow\game\ObjectManager.cpp">
      <Filter>Source Files</Filter>
    </ClCompile>
    <ClCompile Include="injectable\wow\game\WowGame.cpp">
      <Filter>Source Files</Filter>
    </ClCompile>
    <ClCompile Include="injectable\wow\game\WowVector3f.cpp">
      <Filter>Source Files</Filter>
    </ClCompile>
    <ClCompile Include="injectable\wow\observer\ActivePlayerPositionObserver.cpp">
      <Filter>Source Files</Filter>
    </ClCompile>
    <ClCompile Include="injectable\wow\observer\AWowGameObserver.cpp">
      <Filter>Source Files</Filter>
    </ClCompile>
    <ClCompile Include="injectable\wow\pathfinder\APathFinder.cpp">
      <Filter>Source Files</Filter>
    </ClCompile>
    <ClCompile Include="injectable\wow\pathfinder\LinearPathFinder.cpp">
      <Filter>Source Files</Filter>
    </ClCompile>
    <ClCompile Include="injectable\AGame.cpp">
      <Filter>Source Files</Filter>
    </ClCompile>
    <ClCompile Include="injectable\windowcontroller\PostMessageWindowController.cpp">
      <Filter>Source Files</Filter>
    </ClCompile>
    <ClCompile Include="injectable\wow\game\SpellBook.cpp">
      <Filter>Source Files</Filter>
    </ClCompile>
    <ClCompile Include="injectable\wow\WowPlugin.cpp">
      <Filter>Source Files</Filter>
    </ClCompile>
    <ClCompile Include="userspace\bot\BaseWowBot.cpp">
      <Filter>Source Files</Filter>
    </ClCompile>
    <ClCompile Include="injectable\wow\game\Lua.cpp">
      <Filter>Source Files</Filter>
    </ClCompile>
    <ClCompile Include="userspace\ben\BenSimpleBot.cpp">
      <Filter>Source Files</Filter>
    </ClCompile>
    <ClCompile Include="injected\plugin\DllPlugin.cpp">
      <Filter>Source Files</Filter>
    </ClCompile>
    <ClCompile Include="injected\plugin\DllFolderPlugin.cpp">
      <Filter>Source Files</Filter>
    </ClCompile>
    <ClCompile Include="injectable\MemoryObject.cpp">
      <Filter>Source Files</Filter>
    </ClCompile>
  </ItemGroup>
</Project>