<?xml version="1.0" encoding="utf-8"?>
<Project ToolsVersion="4.0" xmlns="http://schemas.microsoft.com/developer/msbuild/2003">
  <ItemGroup>
    <Filter Include="Source Files">
      <UniqueIdentifier>{4FC737F1-C7A5-4376-A066-2A32D752A2FF}</UniqueIdentifier>
      <Extensions>cpp;c;cc;cxx;c++;def;odl;idl;hpj;bat;asm;asmx</Extensions>
    </Filter>
    <Filter Include="Header Files">
      <UniqueIdentifier>{93995380-89BD-4b04-88EB-625FBE52EBFB}</UniqueIdentifier>
      <Extensions>h;hh;hpp;hxx;h++;hm;inl;inc;ipp;xsd</Extensions>
    </Filter>
    <Filter Include="Resource Files">
      <UniqueIdentifier>{67DA6AB6-F800-4c08-8B7A-83BB121AAD01}</UniqueIdentifier>
      <Extensions>rc;ico;cur;bmp;dlg;rc2;rct;bin;rgs;gif;jpg;jpeg;jpe;resx;tiff;tif;png;wav;mfcribbon-ms</Extensions>
    </Filter>
  </ItemGroup>
  <ItemGroup>
    <ClInclude Include="MemoryObject.h">
      <Filter>Header Files</Filter>
    </ClInclude>
    <ClInclude Include="WowGame.h">
      <Filter>Header Files</Filter>
    </ClInclude>
    <ClInclude Include="Vector3f.h">
      <Filter>Header Files</Filter>
    </ClInclude>
    <ClInclude Include="objectmanager\WowActivePlayerObject.h">
      <Filter>Header Files</Filter>
    </ClInclude>
    <ClInclude Include="objectmanager\WowObject.h">
      <Filter>Header Files</Filter>
    </ClInclude>
    <ClInclude Include="objectmanager\WowUnitObject.h">
      <Filter>Header Files</Filter>
    </ClInclude>
    <ClInclude Include="objectmanager\ObjectManager.h">
      <Filter>Header Files</Filter>
    </ClInclude>
    <ClInclude Include="memutils\Hexdump.h">
      <Filter>Header Files</Filter>
    </ClInclude>
    <ClInclude Include="memutils\Hexsearch.h">
      <Filter>Header Files</Filter>
    </ClInclude>
    <ClInclude Include="objectmanager\WowPlayerObject.h">
      <Filter>Header Files</Filter>
    </ClInclude>
    <ClInclude Include="d3d\d3d.h">
      <Filter>Header Files</Filter>
    </ClInclude>
    <ClInclude Include="d3d\D3D_VMT_Indices.h">
      <Filter>Header Files</Filter>
    </ClInclude>
    <ClInclude Include="d3d\shadez.h">
      <Filter>Header Files</Filter>
    </ClInclude>
    <ClInclude Include="pch.h">
      <Filter>Header Files</Filter>
    </ClInclude>
    <ClInclude Include="framework.h">
      <Filter>Header Files</Filter>
    </ClInclude>
    <ClInclude Include="Sandbox.h">
      <Filter>Header Files</Filter>
    </ClInclude>
    <ClInclude Include="WinVirtualKey.h">
      <Filter>Header Files</Filter>
    </ClInclude>
    <ClInclude Include="objectmanager\WowItemObject.h">
      <Filter>Header Files</Filter>
    </ClInclude>
    <ClInclude Include="objectmanager\WowContainerObject.h">
      <Filter>Header Files</Filter>
    </ClInclude>
    <ClInclude Include="objectmanager\WowCorpseObject.h">
      <Filter>Header Files</Filter>
    </ClInclude>
    <ClInclude Include="objectmanager\WowLootObject.h">
      <Filter>Header Files</Filter>
    </ClInclude>
    <ClInclude Include="objectmanager\WowUnimplementedObject.h">
      <Filter>Header Files</Filter>
    </ClInclude>
    <ClInclude Include="WindowController.h">
      <Filter>Header Files</Filter>
    </ClInclude>
    <ClInclude Include="AGame.h">
      <Filter>Header Files</Filter>
    </ClInclude>
    <ClInclude Include="observers\ActivePlayerPositionObserver.h">
      <Filter>Header Files</Filter>
    </ClInclude>
    <ClInclude Include="observers\AWowGameObserver.h">
      <Filter>Header Files</Filter>
    </ClInclude>
    <ClInclude Include="observers\AGameObserver.h">
      <Filter>Header Files</Filter>
    </ClInclude>
    <ClInclude Include="observers\IGameObserver.h">
      <Filter>Header Files</Filter>
    </ClInclude>
    <ClInclude Include="pathfinder\IPathFinder.h">
      <Filter>Header Files</Filter>
    </ClInclude>
    <ClInclude Include="pathfinder\LinearPathFinder.h">
      <Filter>Header Files</Filter>
    </ClInclude>
    <ClInclude Include="pathfinder\APathFinder.h">
      <Filter>Header Files</Filter>
    </ClInclude>
    <ClInclude Include="WowBot.h">
      <Filter>Header Files</Filter>
    </ClInclude>
    <ClInclude Include="NetworkParsing.h">
      <Filter>Header Files</Filter>
    </ClInclude>
    <ClInclude Include="spellbook\SpellBookManager.h">
      <Filter>Header Files</Filter>
    </ClInclude>
    <ClInclude Include="debugger\IDebugger.h">
      <Filter>Header Files</Filter>
    </ClInclude>
    <ClInclude Include="debugger\FileDebugger.h">
      <Filter>Header Files</Filter>
    </ClInclude>
    <ClInclude Include="dump\WowGameOffsets.h">
      <Filter>Header Files</Filter>
    </ClInclude>
    <ClInclude Include="dump\WowGameDescriptors.h">
      <Filter>Header Files</Filter>
    </ClInclude>
  </ItemGroup>
  <ItemGroup>
    <ClCompile Include="dllmain.cpp">
      <Filter>Source Files</Filter>
    </ClCompile>
    <ClCompile Include="MemoryObject.cpp">
      <Filter>Source Files</Filter>
    </ClCompile>
    <ClCompile Include="objectmanager\WowActivePlayerObject.cpp">
      <Filter>Source Files</Filter>
    </ClCompile>
    <ClCompile Include="objectmanager\WowObject.cpp">
      <Filter>Source Files</Filter>
    </ClCompile>
    <ClCompile Include="objectmanager\WowUnitObject.cpp">
      <Filter>Source Files</Filter>
    </ClCompile>
    <ClCompile Include="objectmanager\ObjectManager.cpp">
      <Filter>Source Files</Filter>
    </ClCompile>
    <ClCompile Include="objectmanager\WowPlayerObject.cpp">
      <Filter>Source Files</Filter>
    </ClCompile>
    <ClCompile Include="pch.cpp">
      <Filter>Source Files</Filter>
    </ClCompile>
    <ClCompile Include="WowGame.cpp">
      <Filter>Source Files</Filter>
    </ClCompile>
    <ClCompile Include="Sandbox.cpp">
      <Filter>Source Files</Filter>
    </ClCompile>
    <ClCompile Include="Vector3f.cpp">
      <Filter>Source Files</Filter>
    </ClCompile>
    <ClCompile Include="objectmanager\WowItemObject.cpp">
      <Filter>Source Files</Filter>
    </ClCompile>
    <ClCompile Include="objectmanager\WowContainerObject.cpp">
      <Filter>Source Files</Filter>
    </ClCompile>
    <ClCompile Include="objectmanager\WowCorpseObject.cpp">
      <Filter>Source Files</Filter>
    </ClCompile>
    <ClCompile Include="objectmanager\WowLootObject.cpp">
      <Filter>Source Files</Filter>
    </ClCompile>
    <ClCompile Include="objectmanager\WowUnimplementedObject.cpp">
      <Filter>Source Files</Filter>
    </ClCompile>
    <ClCompile Include="d3d\d3d.cpp">
      <Filter>Source Files</Filter>
    </ClCompile>
    <ClCompile Include="AGame.cpp">
      <Filter>Source Files</Filter>
    </ClCompile>
    <ClCompile Include="observers\ActivePlayerPositionObserver.cpp">
      <Filter>Source Files</Filter>
    </ClCompile>
    <ClCompile Include="observers\AWowGameObserver.cpp">
      <Filter>Source Files</Filter>
    </ClCompile>
    <ClCompile Include="pathfinder\APathFinder.cpp">
      <Filter>Source Files</Filter>
    </ClCompile>
    <ClCompile Include="pathfinder\LinearPathFinder.cpp">
      <Filter>Source Files</Filter>
    </ClCompile>
    <ClCompile Include="NetworkParsing.cpp">
      <Filter>Source Files</Filter>
    </ClCompile>
    <ClCompile Include="spellbook\SpellBookManager.cpp">
      <Filter>Source Files</Filter>
    </ClCompile>
    <ClCompile Include="WowBot.cpp">
      <Filter>Source Files</Filter>
    </ClCompile>
    <ClCompile Include="debugger\FileDebugger.cpp">
      <Filter>Source Files</Filter>
    </ClCompile>
    <ClCompile Include="WindowController.cpp">
      <Filter>Source Files</Filter>
    </ClCompile>
  </ItemGroup>
</Project>