<?xml version="1.0" encoding="utf-8"?>
<Project ToolsVersion="4.0" xmlns="http://schemas.microsoft.com/developer/msbuild/2003">
  <ItemGroup>
    <Filter Include="Source Files">
      <UniqueIdentifier>{4FC737F1-C7A5-4376-A066-2A32D752A2FF}</UniqueIdentifier>
      <Extensions>cpp;c;cc;cxx;c++;def;odl;idl;hpj;bat;asm;asmx</Extensions>
    </Filter>
    <Filter Include="Header Files">
      <UniqueIdentifier>{93995380-89BD-4b04-88EB-625FBE52EBFB}</UniqueIdentifier>
      <Extensions>h;hh;hpp;hxx;h++;hm;inl;inc;ipp;xsd</Extensions>
    </Filter>
    <Filter Include="Resource Files">
      <UniqueIdentifier>{67DA6AB6-F800-4c08-8B7A-83BB121AAD01}</UniqueIdentifier>
      <Extensions>rc;ico;cur;bmp;dlg;rc2;rct;bin;rgs;gif;jpg;jpeg;jpe;resx;tiff;tif;png;wav;mfcribbon-ms</Extensions>
    </Filter>
  </ItemGroup>
  <ItemGroup>
    <ClInclude Include="memutils\Hexdump.h">
      <Filter>Header Files</Filter>
    </ClInclude>
    <ClInclude Include="memutils\Hexsearch.h">
      <Filter>Header Files</Filter>
    </ClInclude>
    <ClInclude Include="d3d\d3d.h">
      <Filter>Header Files</Filter>
    </ClInclude>
    <ClInclude Include="d3d\D3D_VMT_Indices.h">
      <Filter>Header Files</Filter>
    </ClInclude>
    <ClInclude Include="d3d\shadez.h">
      <Filter>Header Files</Filter>
    </ClInclude>
    <ClInclude Include="pch.h">
      <Filter>Header Files</Filter>
    </ClInclude>
    <ClInclude Include="framework.h">
      <Filter>Header Files</Filter>
    </ClInclude>
    <ClInclude Include="pathfinder\IPathFinder.h">
      <Filter>Header Files</Filter>
    </ClInclude>
    <ClInclude Include="pathfinder\LinearPathFinder.h">
      <Filter>Header Files</Filter>
    </ClInclude>
    <ClInclude Include="pathfinder\APathFinder.h">
      <Filter>Header Files</Filter>
    </ClInclude>
    <ClInclude Include="NetworkParsing.h">
      <Filter>Header Files</Filter>
    </ClInclude>
    <ClInclude Include="injected\MemoryObject.h">
      <Filter>Header Files</Filter>
    </ClInclude>
    <ClInclude Include="pathfinder\Vector3f.h">
      <Filter>Header Files</Filter>
    </ClInclude>
    <ClInclude Include="windowcontroller\IWindowController.h">
      <Filter>Header Files</Filter>
    </ClInclude>
    <ClInclude Include="windowcontroller\WinVirtualKey.h">
      <Filter>Header Files</Filter>
    </ClInclude>
    <ClInclude Include="windowcontroller\PostMessageWindowController.h">
      <Filter>Header Files</Filter>
    </ClInclude>
    <ClInclude Include="injected\observer\wow\ActivePlayerPositionObserver.h">
      <Filter>Header Files</Filter>
    </ClInclude>
    <ClInclude Include="injected\observer\wow\AWowGameObserver.h">
      <Filter>Header Files</Filter>
    </ClInclude>
    <ClInclude Include="injected\observer\ARecurrentServerObserver.h">
      <Filter>Header Files</Filter>
    </ClInclude>
    <ClInclude Include="injected\observer\IServerObserver.h">
      <Filter>Header Files</Filter>
    </ClInclude>
    <ClInclude Include="injected\process\AGame.h">
      <Filter>Header Files</Filter>
    </ClInclude>
    <ClInclude Include="injected\InjectedClient.h">
      <Filter>Header Files</Filter>
    </ClInclude>
    <ClInclude Include="injected\process\wow\dump\WowGameDescriptors.h">
      <Filter>Header Files</Filter>
    </ClInclude>
    <ClInclude Include="injected\process\wow\dump\WowGameOffsets.h">
      <Filter>Header Files</Filter>
    </ClInclude>
    <ClInclude Include="injected\process\wow\object\WowActivePlayerObject.h">
      <Filter>Header Files</Filter>
    </ClInclude>
    <ClInclude Include="injected\process\wow\object\WowContainerObject.h">
      <Filter>Header Files</Filter>
    </ClInclude>
    <ClInclude Include="injected\process\wow\object\WowCorpseObject.h">
      <Filter>Header Files</Filter>
    </ClInclude>
    <ClInclude Include="injected\process\wow\object\WowItemObject.h">
      <Filter>Header Files</Filter>
    </ClInclude>
    <ClInclude Include="injected\process\wow\object\WowLootObject.h">
      <Filter>Header Files</Filter>
    </ClInclude>
    <ClInclude Include="injected\process\wow\object\WowObject.h">
      <Filter>Header Files</Filter>
    </ClInclude>
    <ClInclude Include="injected\process\wow\object\WowPlayerObject.h">
      <Filter>Header Files</Filter>
    </ClInclude>
    <ClInclude Include="injected\process\wow\object\WowUnimplementedObject.h">
      <Filter>Header Files</Filter>
    </ClInclude>
    <ClInclude Include="injected\process\wow\object\WowUnitObject.h">
      <Filter>Header Files</Filter>
    </ClInclude>
    <ClInclude Include="injected\process\wow\spellbook\SpellBookManager.h">
      <Filter>Header Files</Filter>
    </ClInclude>
    <ClInclude Include="injected\process\wow\ObjectManager.h">
      <Filter>Header Files</Filter>
    </ClInclude>
    <ClInclude Include="injected\process\wow\WowGame.h">
      <Filter>Header Files</Filter>
    </ClInclude>
    <ClInclude Include="injected\process\wow\WowVector3f.h">
      <Filter>Header Files</Filter>
    </ClInclude>
    <ClInclude Include="injected\plugins\ben\ABenBot.h">
      <Filter>Header Files</Filter>
    </ClInclude>
    <ClInclude Include="injected\plugins\ben\BenFightBot.h">
      <Filter>Header Files</Filter>
    </ClInclude>
    <ClInclude Include="injected\plugins\ben\BenTravelBot.h">
      <Filter>Header Files</Filter>
    </ClInclude>
    <ClInclude Include="injected\plugins\max\MaxBot.h">
      <Filter>Header Files</Filter>
    </ClInclude>
    <ClInclude Include="injected\plugins\IPlugin.h">
      <Filter>Header Files</Filter>
    </ClInclude>
    <ClInclude Include="injected\plugins\wow\AWowBot.h">
      <Filter>Header Files</Filter>
    </ClInclude>
    <ClInclude Include="injected\plugins\APausablePlugin.h">
      <Filter>Header Files</Filter>
    </ClInclude>
    <ClInclude Include="injected\plugins\IPausablePlugin.h">
      <Filter>Header Files</Filter>
    </ClInclude>
    <ClInclude Include="injected\plugins\IServerPlugin.h">
      <Filter>Header Files</Filter>
    </ClInclude>
    <ClInclude Include="injected\plugins\PluginServerMessage.h">
      <Filter>Header Files</Filter>
    </ClInclude>
    <ClInclude Include="logger\FileLogger.h">
      <Filter>Header Files</Filter>
    </ClInclude>
    <ClInclude Include="logger\ILogger.h">
      <Filter>Header Files</Filter>
    </ClInclude>
    <ClInclude Include="injected\process\wow\object\WowGuid128.h">
      <Filter>Header Files</Filter>
    </ClInclude>
    <ClInclude Include="injected\plugins\ben\farm\ABenFarmingBot.h">
      <Filter>Header Files</Filter>
    </ClInclude>
    <ClInclude Include="injected\plugins\ben\farm\Farm.h">
      <Filter>Header Files</Filter>
    </ClInclude>
  </ItemGroup>
  <ItemGroup>
    <ClCompile Include="dllmain.cpp">
      <Filter>Source Files</Filter>
    </ClCompile>
    <ClCompile Include="pch.cpp">
      <Filter>Source Files</Filter>
    </ClCompile>
    <ClCompile Include="d3d\d3d.cpp">
      <Filter>Source Files</Filter>
    </ClCompile>
    <ClCompile Include="pathfinder\APathFinder.cpp">
      <Filter>Source Files</Filter>
    </ClCompile>
    <ClCompile Include="pathfinder\LinearPathFinder.cpp">
      <Filter>Source Files</Filter>
    </ClCompile>
    <ClCompile Include="NetworkParsing.cpp">
      <Filter>Source Files</Filter>
    </ClCompile>
    <ClCompile Include="injected\MemoryObject.cpp">
      <Filter>Source Files</Filter>
    </ClCompile>
    <ClCompile Include="windowcontroller\PostMessageWindowController.cpp">
      <Filter>Source Files</Filter>
    </ClCompile>
    <ClCompile Include="injected\observer\wow\ActivePlayerPositionObserver.cpp">
      <Filter>Source Files</Filter>
    </ClCompile>
    <ClCompile Include="injected\observer\wow\AWowGameObserver.cpp">
      <Filter>Source Files</Filter>
    </ClCompile>
    <ClCompile Include="injected\process\AGame.cpp">
      <Filter>Source Files</Filter>
    </ClCompile>
    <ClCompile Include="injected\InjectedClient.cpp">
      <Filter>Source Files</Filter>
    </ClCompile>
    <ClCompile Include="injected\process\wow\object\WowActivePlayerObject.cpp">
      <Filter>Source Files</Filter>
    </ClCompile>
    <ClCompile Include="injected\process\wow\object\WowContainerObject.cpp">
      <Filter>Source Files</Filter>
    </ClCompile>
    <ClCompile Include="injected\process\wow\object\WowCorpseObject.cpp">
      <Filter>Source Files</Filter>
    </ClCompile>
    <ClCompile Include="injected\process\wow\object\WowItemObject.cpp">
      <Filter>Source Files</Filter>
    </ClCompile>
    <ClCompile Include="injected\process\wow\object\WowLootObject.cpp">
      <Filter>Source Files</Filter>
    </ClCompile>
    <ClCompile Include="injected\process\wow\object\WowObject.cpp">
      <Filter>Source Files</Filter>
    </ClCompile>
    <ClCompile Include="injected\process\wow\object\WowPlayerObject.cpp">
      <Filter>Source Files</Filter>
    </ClCompile>
    <ClCompile Include="injected\process\wow\object\WowUnimplementedObject.cpp">
      <Filter>Source Files</Filter>
    </ClCompile>
    <ClCompile Include="injected\process\wow\object\WowUnitObject.cpp">
      <Filter>Source Files</Filter>
    </ClCompile>
    <ClCompile Include="injected\process\wow\spellbook\SpellBookManager.cpp">
      <Filter>Source Files</Filter>
    </ClCompile>
    <ClCompile Include="injected\process\wow\ObjectManager.cpp">
      <Filter>Source Files</Filter>
    </ClCompile>
    <ClCompile Include="injected\process\wow\WowGame.cpp">
      <Filter>Source Files</Filter>
    </ClCompile>
    <ClCompile Include="injected\process\wow\WowVector3f.cpp">
      <Filter>Source Files</Filter>
    </ClCompile>
    <ClCompile Include="injected\plugins\ben\ABenBot.cpp">
      <Filter>Source Files</Filter>
    </ClCompile>
    <ClCompile Include="injected\plugins\ben\BenFightBot.cpp">
      <Filter>Source Files</Filter>
    </ClCompile>
    <ClCompile Include="injected\plugins\ben\BenTravelBot.cpp">
      <Filter>Source Files</Filter>
    </ClCompile>
    <ClCompile Include="injected\plugins\max\MaxBot.cpp">
      <Filter>Source Files</Filter>
    </ClCompile>
    <ClCompile Include="injected\observer\ARecurrentServerObserver.cpp">
      <Filter>Source Files</Filter>
    </ClCompile>
    <ClCompile Include="injected\plugins\wow\AWowBot.cpp">
      <Filter>Source Files</Filter>
    </ClCompile>
    <ClCompile Include="injected\plugins\APausablePlugin.cpp">
      <Filter>Source Files</Filter>
    </ClCompile>
    <ClCompile Include="logger\FileLogger.cpp">
      <Filter>Source Files</Filter>
    </ClCompile>
    <ClCompile Include="injected\process\wow\object\WowGuid128.cpp">
      <Filter>Source Files</Filter>
    </ClCompile>
    <ClCompile Include="injected\plugins\ben\farm\ABenFarmingBot.cpp">
      <Filter>Source Files</Filter>
    </ClCompile>
  </ItemGroup>
</Project>