<?xml version="1.0" encoding="utf-8"?>
<Project ToolsVersion="4.0" xmlns="http://schemas.microsoft.com/developer/msbuild/2003">
  <ItemGroup>
    <Filter Include="Source Files">
      <UniqueIdentifier>{4FC737F1-C7A5-4376-A066-2A32D752A2FF}</UniqueIdentifier>
      <Extensions>cpp;c;cc;cxx;c++;def;odl;idl;hpj;bat;asm;asmx</Extensions>
    </Filter>
    <Filter Include="Header Files">
      <UniqueIdentifier>{93995380-89BD-4b04-88EB-625FBE52EBFB}</UniqueIdentifier>
      <Extensions>h;hh;hpp;hxx;h++;hm;inl;inc;ipp;xsd</Extensions>
    </Filter>
    <Filter Include="Resource Files">
      <UniqueIdentifier>{67DA6AB6-F800-4c08-8B7A-83BB121AAD01}</UniqueIdentifier>
      <Extensions>rc;ico;cur;bmp;dlg;rc2;rct;bin;rgs;gif;jpg;jpeg;jpe;resx;tiff;tif;png;wav;mfcribbon-ms</Extensions>
    </Filter>
  </ItemGroup>
  <ItemGroup>
    <ClInclude Include="framework.h">
      <Filter>Header Files</Filter>
    </ClInclude>
    <ClInclude Include="pch.h">
      <Filter>Header Files</Filter>
    </ClInclude>
    <ClInclude Include="BenAgents.h">
      <Filter>Header Files</Filter>
    </ClInclude>
    <ClInclude Include="bot\type\base\ABenAgent.h">
      <Filter>Header Files</Filter>
    </ClInclude>
    <ClInclude Include="bot\type\base\BenLoginAgent.h">
      <Filter>Header Files</Filter>
    </ClInclude>
    <ClInclude Include="bot\type\champion\hunter\BenHunterChampion.h">
      <Filter>Header Files</Filter>
    </ClInclude>
    <ClInclude Include="bot\type\dumb\BenIdleAgent.h">
      <Filter>Header Files</Filter>
    </ClInclude>
    <ClInclude Include="bot\type\economy\fish\IBenFisher.h">
      <Filter>Header Files</Filter>
    </ClInclude>
    <ClInclude Include="bot\type\poly\BenPolyAgent.h">
      <Filter>Header Files</Filter>
    </ClInclude>
    <ClInclude Include="bot\type\quest\BenQuester.h">
      <Filter>Header Files</Filter>
    </ClInclude>
    <ClInclude Include="bot\type\runagate\BenRunagate.h">
      <Filter>Header Files</Filter>
    </ClInclude>
    <ClInclude Include="bot\gameplay\model\BoundingBox.h">
      <Filter>Header Files</Filter>
    </ClInclude>
    <ClInclude Include="bot\gameplay\model\IThreat.h">
      <Filter>Header Files</Filter>
    </ClInclude>
    <ClInclude Include="bot\gameplay\model\RadiusThreatZone.h">
      <Filter>Header Files</Filter>
    </ClInclude>
    <ClInclude Include="bot\gameplay\model\RadiusZone.h">
      <Filter>Header Files</Filter>
    </ClInclude>
    <ClInclude Include="bot\gameplay\model\Threat.h">
      <Filter>Header Files</Filter>
    </ClInclude>
    <ClInclude Include="bot\gameplay\snapshot\object\WowUnitSnapshot.h">
      <Filter>Header Files</Filter>
    </ClInclude>
    <ClInclude Include="bot\gameplay\snapshot\ABenGameSnapshot.h">
      <Filter>Header Files</Filter>
    </ClInclude>
    <ClInclude Include="bot\gameplay\snapshot\BenGameSnapshot.h">
      <Filter>Header Files</Filter>
    </ClInclude>
    <ClInclude Include="bot\gameplay\snapshot\IBenGameSnapshot.h">
      <Filter>Header Files</Filter>
    </ClInclude>
    <ClInclude Include="bot\gameplay\Percent.h">
      <Filter>Header Files</Filter>
    </ClInclude>
    <ClInclude Include="bot\gameplay\snapshot\object\WowObjectSnapshot.h">
      <Filter>Header Files</Filter>
    </ClInclude>
    <ClInclude Include="bot\gameplay\snapshot\object\WowPlayerSnapshot.h">
      <Filter>Header Files</Filter>
    </ClInclude>
    <ClInclude Include="bot\type\champion\base\ABenDistantChampion.h">
      <Filter>Header Files</Filter>
    </ClInclude>
    <ClInclude Include="bot\type\champion\base\ABenTamerChampion.h">
      <Filter>Header Files</Filter>
    </ClInclude>
    <ClInclude Include="bot\type\champion\base\ABenWrestlerChampion.h">
      <Filter>Header Files</Filter>
    </ClInclude>
    <ClInclude Include="bot\type\champion\base\ABenChampion.h">
      <Filter>Header Files</Filter>
    </ClInclude>
    <ClInclude Include="bot\type\champion\attitude\IBenChampionAttitude.h">
      <Filter>Header Files</Filter>
    </ClInclude>
    <ClInclude Include="bot\type\champion\attitude\BenChampionDominantAttitude.h">
      <Filter>Header Files</Filter>
    </ClInclude>
    <ClInclude Include="bot\type\patrol\base\ABenPatroller.h">
      <Filter>Header Files</Filter>
    </ClInclude>
    <ClInclude Include="bot\type\patrol\base\ABenWaypointsPatroller.h">
      <Filter>Header Files</Filter>
    </ClInclude>
    <ClInclude Include="bot\type\travel\ABenTraveler.h">
      <Filter>Header Files</Filter>
    </ClInclude>
    <ClInclude Include="bot\type\patrol\path\BenPathPatroller.h">
      <Filter>Header Files</Filter>
    </ClInclude>
    <ClInclude Include="bot\type\base\evaluator\extrapolator\ABenGameExtrapolator.h">
      <Filter>Header Files</Filter>
    </ClInclude>
    <ClInclude Include="bot\type\base\evaluator\extrapolator\BenGameLinearExtrapolator.h">
      <Filter>Header Files</Filter>
    </ClInclude>
    <ClInclude Include="bot\type\base\evaluator\extrapolator\IBenGameExtrapolator.h">
      <Filter>Header Files</Filter>
    </ClInclude>
    <ClInclude Include="bot\gameplay\IBenGameRecord.h">
      <Filter>Header Files</Filter>
    </ClInclude>
    <ClInclude Include="bot\gameplay\ABenGameRecord.h">
      <Filter>Header Files</Filter>
    </ClInclude>
    <ClInclude Include="bot\gameplay\BenGameRecord.h">
      <Filter>Header Files</Filter>
    </ClInclude>
    <ClInclude Include="bot\type\base\evaluator\ABenWowGameEvaluator.h">
      <Filter>Header Files</Filter>
    </ClInclude>
    <ClInclude Include="bot\type\base\evaluator\BenWowGameEvaluator.h">
      <Filter>Header Files</Filter>
    </ClInclude>
    <ClInclude Include="bot\type\base\evaluator\EvaluatedWowInstant.h">
      <Filter>Header Files</Filter>
    </ClInclude>
    <ClInclude Include="bot\type\base\evaluator\IBenEvaluator.h">
      <Filter>Header Files</Filter>
    </ClInclude>
  </ItemGroup>
  <ItemGroup>
    <ClCompile Include="pch.cpp">
      <Filter>Source Files</Filter>
    </ClCompile>
    <ClCompile Include="bot\type\base\ABenAgent.cpp">
      <Filter>Source Files</Filter>
    </ClCompile>
    <ClCompile Include="bot\type\base\BenLoginAgent.cpp">
      <Filter>Source Files</Filter>
    </ClCompile>
    <ClCompile Include="bot\type\dumb\BenIdleAgent.cpp">
      <Filter>Source Files</Filter>
    </ClCompile>
    <ClCompile Include="bot\type\poly\BenPolyAgent.cpp">
      <Filter>Source Files</Filter>
    </ClCompile>
    <ClCompile Include="bot\type\runagate\BenRunagate.cpp">
      <Filter>Source Files</Filter>
    </ClCompile>
    <ClCompile Include="bot\gameplay\model\BoundingBox.cpp">
      <Filter>Source Files</Filter>
    </ClCompile>
    <ClCompile Include="bot\gameplay\model\RadiusZone.cpp">
      <Filter>Source Files</Filter>
    </ClCompile>
    <ClCompile Include="bot\gameplay\model\Threat.cpp">
      <Filter>Source Files</Filter>
    </ClCompile>
    <ClCompile Include="bot\gameplay\snapshot\object\WowUnitSnapshot.cpp">
      <Filter>Source Files</Filter>
    </ClCompile>
    <ClCompile Include="bot\gameplay\snapshot\ABenGameSnapshot.cpp">
      <Filter>Source Files</Filter>
    </ClCompile>
    <ClCompile Include="bot\gameplay\snapshot\BenGameSnapshot.cpp">
      <Filter>Source Files</Filter>
    </ClCompile>
    <ClCompile Include="bot\gameplay\snapshot\object\WowObjectSnapshot.cpp">
      <Filter>Source Files</Filter>
    </ClCompile>
    <ClCompile Include="bot\gameplay\snapshot\object\WowPlayerSnapshot.cpp">
      <Filter>Source Files</Filter>
    </ClCompile>
    <ClCompile Include="bot\type\champion\hunter\BenHunterChampion.cpp">
      <Filter>Source Files</Filter>
    </ClCompile>
    <ClCompile Include="bot\type\champion\base\ABenDistantChampion.cpp">
      <Filter>Source Files</Filter>
    </ClCompile>
    <ClCompile Include="bot\type\champion\base\ABenTamerChampion.cpp">
      <Filter>Source Files</Filter>
    </ClCompile>
    <ClCompile Include="bot\type\champion\base\ABenWrestlerChampion.cpp">
      <Filter>Source Files</Filter>
    </ClCompile>
    <ClCompile Include="bot\type\champion\base\ABenChampion.cpp">
      <Filter>Source Files</Filter>
    </ClCompile>
    <ClCompile Include="bot\type\champion\attitude\BenChampionDominantAttitude.cpp">
      <Filter>Source Files</Filter>
    </ClCompile>
    <ClCompile Include="bot\type\patrol\base\ABenPatroller.cpp">
      <Filter>Source Files</Filter>
    </ClCompile>
    <ClCompile Include="bot\type\patrol\base\ABenWaypointsPatroller.cpp">
      <Filter>Source Files</Filter>
    </ClCompile>
    <ClCompile Include="bot\type\travel\ABenTraveler.cpp">
      <Filter>Source Files</Filter>
    </ClCompile>
    <ClCompile Include="bot\type\patrol\path\BenPathPatroller.cpp">
      <Filter>Source Files</Filter>
    </ClCompile>
    <ClCompile Include="bot\type\base\evaluator\extrapolator\ABenGameExtrapolator.cpp">
      <Filter>Source Files</Filter>
    </ClCompile>
    <ClCompile Include="bot\type\base\evaluator\extrapolator\BenGameLinearExtrapolator.cpp">
      <Filter>Source Files</Filter>
    </ClCompile>
    <ClCompile Include="bot\type\base\evaluator\ABenWowGameEvaluator.cpp">
      <Filter>Source Files</Filter>
    </ClCompile>
    <ClCompile Include="bot\type\base\evaluator\BenWowGameEvaluator.cpp">
      <Filter>Source Files</Filter>
    </ClCompile>
  </ItemGroup>
</Project>