<?xml version="1.0" encoding="utf-8"?>
<Project ToolsVersion="4.0" xmlns="http://schemas.microsoft.com/developer/msbuild/2003">
  <ItemGroup>
    <Filter Include="Source Files">
      <UniqueIdentifier>{4FC737F1-C7A5-4376-A066-2A32D752A2FF}</UniqueIdentifier>
      <Extensions>cpp;c;cc;cxx;c++;def;odl;idl;hpj;bat;asm;asmx</Extensions>
    </Filter>
    <Filter Include="Header Files">
      <UniqueIdentifier>{93995380-89BD-4b04-88EB-625FBE52EBFB}</UniqueIdentifier>
      <Extensions>h;hh;hpp;hxx;h++;hm;inl;inc;ipp;xsd</Extensions>
    </Filter>
    <Filter Include="Resource Files">
      <UniqueIdentifier>{67DA6AB6-F800-4c08-8B7A-83BB121AAD01}</UniqueIdentifier>
      <Extensions>rc;ico;cur;bmp;dlg;rc2;rct;bin;rgs;gif;jpg;jpeg;jpe;resx;tiff;tif;png;wav;mfcribbon-ms</Extensions>
    </Filter>
  </ItemGroup>
  <ItemGroup>
    <ClInclude Include="framework.h">
      <Filter>Header Files</Filter>
    </ClInclude>
    <ClInclude Include="pch.h">
      <Filter>Header Files</Filter>
    </ClInclude>
    <ClInclude Include="bot\BenSimple.h">
      <Filter>Header Files</Filter>
    </ClInclude>
    <ClInclude Include="bot\base\ABen.h">
      <Filter>Header Files</Filter>
    </ClInclude>
    <ClInclude Include="BenBots.h">
      <Filter>Header Files</Filter>
    </ClInclude>
    <ClInclude Include="bot\patrol\ABenPatroller.h">
      <Filter>Header Files</Filter>
    </ClInclude>
    <ClInclude Include="bot\base\BenLogin.h">
      <Filter>Header Files</Filter>
    </ClInclude>
    <ClInclude Include="bot\meta\BenRoot.h">
      <Filter>Header Files</Filter>
    </ClInclude>
    <ClInclude Include="bot\meta\IBenPoly.h">
      <Filter>Header Files</Filter>
    </ClInclude>
    <ClInclude Include="bot\quest\BenQuester.h">
      <Filter>Header Files</Filter>
    </ClInclude>
    <ClInclude Include="bot\champion\ABenChampion.h">
      <Filter>Header Files</Filter>
    </ClInclude>
    <ClInclude Include="bot\champion\ABenRunagate.h">
      <Filter>Header Files</Filter>
    </ClInclude>
    <ClInclude Include="bot\economy\fish\IBenFisher.h">
      <Filter>Header Files</Filter>
    </ClInclude>
    <ClInclude Include="interpretation\interpretator\extrapolator\ABenGameExtrapolator.h">
      <Filter>Header Files</Filter>
    </ClInclude>
    <ClInclude Include="interpretation\interpretator\extrapolator\IBenGameExtrapolator.h">
      <Filter>Header Files</Filter>
    </ClInclude>
    <ClInclude Include="interpretation\interpretator\ABenGameInterpretor.h">
      <Filter>Header Files</Filter>
    </ClInclude>
    <ClInclude Include="interpretation\interpretator\IBenGameInterpretor.h">
      <Filter>Header Files</Filter>
    </ClInclude>
    <ClInclude Include="interpretation\BenGameInterpretation.cpp">
      <Filter>Header Files</Filter>
    </ClInclude>
    <ClInclude Include="interpretation\BenGameInterpretation.h">
      <Filter>Header Files</Filter>
    </ClInclude>
    <ClInclude Include="interpretation\IBenGameInterpretation.h">
      <Filter>Header Files</Filter>
    </ClInclude>
    <ClInclude Include="interpretation\ThreatZone.h">
      <Filter>Header Files</Filter>
    </ClInclude>
    <ClInclude Include="bot\travel\ABenTraveller.h">
      <Filter>Header Files</Filter>
    </ClInclude>
  </ItemGroup>
  <ItemGroup>
    <ClCompile Include="pch.cpp">
      <Filter>Source Files</Filter>
    </ClCompile>
    <ClCompile Include="bot\BenSimple.cpp">
      <Filter>Source Files</Filter>
    </ClCompile>
    <ClCompile Include="bot\base\ABen.cpp">
      <Filter>Source Files</Filter>
    </ClCompile>
    <ClCompile Include="bot\patrol\ABenPatroller.cpp">
      <Filter>Source Files</Filter>
    </ClCompile>
    <ClCompile Include="bot\base\BenLogin.cpp">
      <Filter>Source Files</Filter>
    </ClCompile>
    <ClCompile Include="bot\champion\ABenChampion.cpp">
      <Filter>Source Files</Filter>
    </ClCompile>
    <ClCompile Include="interpretation\interpretator\extrapolator\ABenGameExtrapolator.cpp">
      <Filter>Source Files</Filter>
    </ClCompile>
    <ClCompile Include="interpretation\interpretator\ABenGameInterpretor.cpp">
      <Filter>Source Files</Filter>
    </ClCompile>
    <ClCompile Include="bot\travel\ABenTraveller.cpp">
      <Filter>Source Files</Filter>
    </ClCompile>
  </ItemGroup>
</Project>